
Microsoft Visual Studio Solution File, Format Version 12.00
# Visual Studio Version 17
VisualStudioVersion = 17.0.32126.317
MinimumVisualStudioVersion = 10.0.40219.1
Project("{9A19103F-16F7-4668-BE54-9A1E7A4F7556}") = "DoNotRename", "DoNotRename\DoNotRename\DoNotRename.csproj", "{65C73C87-169F-4F27-AEA2-420681ED8C69}"
EndProject
Project("{FAE04EC0-301F-11D3-BF4B-00C04F79EFBC}") = "DoNotRename.Analyzers", "DoNotRename\DoNotRename.Analyzers\DoNotRename.Analyzers.csproj", "{1A630315-A891-4555-A9F2-231E999F0287}"
EndProject
Project("{9A19103F-16F7-4668-BE54-9A1E7A4F7556}") = "DoNotRename.Package", "DoNotRename\DoNotRename.Package\DoNotRename.Package.csproj", "{CCD98112-0DD9-4D42-9956-FE618E9AB755}"
EndProject
Project("{9A19103F-16F7-4668-BE54-9A1E7A4F7556}") = "DoNotRename.Test", "DoNotRename\DoNotRename.Test\DoNotRename.Test.csproj", "{1362B91B-3B38-4F02-96FC-E4773E17175D}"
EndProject
Project("{9A19103F-16F7-4668-BE54-9A1E7A4F7556}") = "DoNotRename.Vsix", "DoNotRename\DoNotRename.Vsix\DoNotRename.Vsix.csproj", "{8A871961-8316-409F-A1D4-8A426F6BF6FF}"
EndProject
Project("{2150E333-8FDC-42A3-9474-1A3956D46DE8}") = "Solution Items", "Solution Items", "{8AA98015-E031-4CB5-BCE4-A6E84D93C1EA}"
	ProjectSection(SolutionItems) = preProject
		README.md = README.md
	EndProjectSection
EndProject
Global
	GlobalSection(SolutionConfigurationPlatforms) = preSolution
		Debug|Any CPU = Debug|Any CPU
		Release|Any CPU = Release|Any CPU
	EndGlobalSection
	GlobalSection(ProjectConfigurationPlatforms) = postSolution
		{65C73C87-169F-4F27-AEA2-420681ED8C69}.Debug|Any CPU.ActiveCfg = Debug|Any CPU
		{65C73C87-169F-4F27-AEA2-420681ED8C69}.Debug|Any CPU.Build.0 = Debug|Any CPU
		{65C73C87-169F-4F27-AEA2-420681ED8C69}.Release|Any CPU.ActiveCfg = Release|Any CPU
		{65C73C87-169F-4F27-AEA2-420681ED8C69}.Release|Any CPU.Build.0 = Release|Any CPU
		{CCD98112-0DD9-4D42-9956-FE618E9AB755}.Debug|Any CPU.ActiveCfg = Debug|Any CPU
		{CCD98112-0DD9-4D42-9956-FE618E9AB755}.Debug|Any CPU.Build.0 = Debug|Any CPU
		{CCD98112-0DD9-4D42-9956-FE618E9AB755}.Release|Any CPU.ActiveCfg = Release|Any CPU
		{CCD98112-0DD9-4D42-9956-FE618E9AB755}.Release|Any CPU.Build.0 = Release|Any CPU
		{1362B91B-3B38-4F02-96FC-E4773E17175D}.Debug|Any CPU.ActiveCfg = Debug|Any CPU
		{1362B91B-3B38-4F02-96FC-E4773E17175D}.Debug|Any CPU.Build.0 = Debug|Any CPU
		{1362B91B-3B38-4F02-96FC-E4773E17175D}.Release|Any CPU.ActiveCfg = Release|Any CPU
		{1362B91B-3B38-4F02-96FC-E4773E17175D}.Release|Any CPU.Build.0 = Release|Any CPU
		{8A871961-8316-409F-A1D4-8A426F6BF6FF}.Debug|Any CPU.ActiveCfg = Debug|Any CPU
		{8A871961-8316-409F-A1D4-8A426F6BF6FF}.Debug|Any CPU.Build.0 = Debug|Any CPU
		{8A871961-8316-409F-A1D4-8A426F6BF6FF}.Release|Any CPU.ActiveCfg = Release|Any CPU
		{8A871961-8316-409F-A1D4-8A426F6BF6FF}.Release|Any CPU.Build.0 = Release|Any CPU
		{1A630315-A891-4555-A9F2-231E999F0287}.Debug|Any CPU.ActiveCfg = Debug|Any CPU
		{1A630315-A891-4555-A9F2-231E999F0287}.Debug|Any CPU.Build.0 = Debug|Any CPU
		{1A630315-A891-4555-A9F2-231E999F0287}.Release|Any CPU.ActiveCfg = Release|Any CPU
		{1A630315-A891-4555-A9F2-231E999F0287}.Release|Any CPU.Build.0 = Release|Any CPU
	EndGlobalSection
	GlobalSection(SolutionProperties) = preSolution
		HideSolutionNode = FALSE
	EndGlobalSection
	GlobalSection(ExtensibilityGlobals) = postSolution
		SolutionGuid = {68C10FF2-CAE4-47E4-8C57-A290B26C086C}
	EndGlobalSection
EndGlobal
